# This file is generated by running "yarn install" inside your project.
# Manual changes might be lost - proceed with caution!

__metadata:
  version: 8
  cacheKey: 10

"@0no-co/graphql.web@npm:^1.0.5":
  version: 1.2.0
  resolution: "@0no-co/graphql.web@npm:1.2.0"
  peerDependencies:
    graphql: ^14.0.0 || ^15.0.0 || ^16.0.0
  peerDependenciesMeta:
    graphql:
      optional: true
  checksum: 10/bb53b2e013686df0c8ca518430e9371bd14bd26910c1ab5b7bebd76cea1867ba6160d7e01924a04af846e90d99cb8f101f35960f89a76a8a91ce1d70f74d321d
  languageName: node
  linkType: hard

"@0no-co/graphqlsp@npm:^1.12.13":
  version: 1.15.1
  resolution: "@0no-co/graphqlsp@npm:1.15.1"
  dependencies:
    "@gql.tada/internal": "npm:^1.0.0"
    graphql: "npm:^15.5.0 || ^16.0.0 || ^17.0.0"
  peerDependencies:
    graphql: ^15.5.0 || ^16.0.0 || ^17.0.0
    typescript: ^5.0.0
  checksum: 10/0f3d6d02e6e6a5391d74e70e0c984784c6d6e4db90e5ceefd065c6be37fc1719cf9005fc028914af73edaa734ccb5fb7cad5657a713e190819fabbd10ae9fe67
  languageName: node
  linkType: hard

"@canary/backend-sdk@workspace:.":
  version: 0.0.0-use.local
  resolution: "@canary/backend-sdk@workspace:."
  dependencies:
    "@mysten/sui": "npm:^1.0.0"
    "@types/node": "npm:^20.0.0"
    bech32: "npm:^2.0.0"
    typescript: "npm:^5.0.0"
  languageName: unknown
  linkType: soft

"@gql.tada/cli-utils@npm:1.7.2":
  version: 1.7.2
  resolution: "@gql.tada/cli-utils@npm:1.7.2"
  dependencies:
    "@0no-co/graphqlsp": "npm:^1.12.13"
    "@gql.tada/internal": "npm:1.0.8"
    graphql: "npm:^15.5.0 || ^16.0.0 || ^17.0.0"
  peerDependencies:
    "@0no-co/graphqlsp": ^1.12.13
    "@gql.tada/svelte-support": 1.0.1
    "@gql.tada/vue-support": 1.0.1
    graphql: ^15.5.0 || ^16.0.0 || ^17.0.0
    typescript: ^5.0.0
  peerDependenciesMeta:
    "@gql.tada/svelte-support":
      optional: true
    "@gql.tada/vue-support":
      optional: true
  checksum: 10/56d436cdf1394180dda190c44b2f00901641b6da3d2a456c39cf151dfa3039d16a751984af871a0b52b5d673eff470908a47ca7af769e1b532d6a4f06a1e7c66
  languageName: node
  linkType: hard

"@gql.tada/internal@npm:1.0.8, @gql.tada/internal@npm:^1.0.0":
  version: 1.0.8
  resolution: "@gql.tada/internal@npm:1.0.8"
  dependencies:
    "@0no-co/graphql.web": "npm:^1.0.5"
  peerDependencies:
    graphql: ^15.5.0 || ^16.0.0 || ^17.0.0
    typescript: ^5.0.0
  checksum: 10/b1b85c05b7ccc0ee50820771db76c0191b14651d5c3528254cd6480227d2020517cee1977c7c731c646f259ab45049d90c0aebe34fcc2eb83b3cadf1dfe99d78
  languageName: node
  linkType: hard

"@graphql-typed-document-node/core@npm:^3.2.0":
  version: 3.2.0
  resolution: "@graphql-typed-document-node/core@npm:3.2.0"
  peerDependencies:
    graphql: ^0.8.0 || ^0.9.0 || ^0.10.0 || ^0.11.0 || ^0.12.0 || ^0.13.0 || ^14.0.0 || ^15.0.0 || ^16.0.0 || ^17.0.0
  checksum: 10/fa44443accd28c8cf4cb96aaaf39d144a22e8b091b13366843f4e97d19c7bfeaf609ce3c7603a4aeffe385081eaf8ea245d078633a7324c11c5ec4b2011bb76d
  languageName: node
  linkType: hard

"@mysten/bcs@npm:1.9.2":
  version: 1.9.2
  resolution: "@mysten/bcs@npm:1.9.2"
  dependencies:
    "@mysten/utils": "npm:0.2.0"
    "@scure/base": "npm:^1.2.6"
  checksum: 10/509c45441ff69d6808c58f5e4e224d09393d72cd0ad40a119ebcec2153cdc7a268e358308b4af8593d644095451065055ea4f6525afb76f5feaf58465baf70a9
  languageName: node
  linkType: hard

"@mysten/sui@npm:^1.0.0":
  version: 1.45.0
  resolution: "@mysten/sui@npm:1.45.0"
  dependencies:
    "@graphql-typed-document-node/core": "npm:^3.2.0"
    "@mysten/bcs": "npm:1.9.2"
    "@mysten/utils": "npm:0.2.0"
    "@noble/curves": "npm:=1.9.4"
    "@noble/hashes": "npm:^1.8.0"
    "@protobuf-ts/grpcweb-transport": "npm:^2.11.1"
    "@protobuf-ts/runtime": "npm:^2.11.1"
    "@protobuf-ts/runtime-rpc": "npm:^2.11.1"
    "@scure/base": "npm:^1.2.6"
    "@scure/bip32": "npm:^1.7.0"
    "@scure/bip39": "npm:^1.6.0"
    gql.tada: "npm:^1.8.13"
    graphql: "npm:^16.11.0"
    poseidon-lite: "npm:0.2.1"
    valibot: "npm:^0.36.0"
  checksum: 10/c12f2f6376257b2a386de6f39290dd43a71127ab9e3bc939da0f5d2b2123b320f67bd739ee2c30d2f008aaa309ddb16f5a7462bfc3927c27ed9947ddb6246d49
  languageName: node
  linkType: hard

"@mysten/utils@npm:0.2.0":
  version: 0.2.0
  resolution: "@mysten/utils@npm:0.2.0"
  dependencies:
    "@scure/base": "npm:^1.2.6"
  checksum: 10/3558f5d6263364f7aa47559e7220d4a4cbca268c24ed2d97aa5e784de5ed59f7d2cb4ab809010697ce330211265a50b1bb4893da9313223dc52aba00dff420a1
  languageName: node
  linkType: hard

"@noble/curves@npm:=1.9.4":
  version: 1.9.4
  resolution: "@noble/curves@npm:1.9.4"
  dependencies:
    "@noble/hashes": "npm:1.8.0"
  checksum: 10/e8e9a05f27dc79e8f67001ddf81b69c527e3879085841647a07e150fc1c28fd5b576cce1f411daaa0cae40f8c65b2fd6c457f4165b2c4c9fbe327173ba1d8845
  languageName: node
  linkType: hard

"@noble/curves@npm:~1.9.0":
  version: 1.9.7
  resolution: "@noble/curves@npm:1.9.7"
  dependencies:
    "@noble/hashes": "npm:1.8.0"
  checksum: 10/3cfe2735ea94972988ca9e217e0ebb2044372a7160b2079bf885da789492a6291fc8bf76ca3d8bf8dee477847ee2d6fac267d1e6c4f555054059f5e8c4865d44
  languageName: node
  linkType: hard

"@noble/hashes@npm:1.8.0, @noble/hashes@npm:^1.8.0, @noble/hashes@npm:~1.8.0":
  version: 1.8.0
  resolution: "@noble/hashes@npm:1.8.0"
  checksum: 10/474b7f56bc6fb2d5b3a42132561e221b0ea4f91e590f4655312ca13667840896b34195e2b53b7f097ec080a1fdd3b58d902c2a8d0fbdf51d2e238b53808a177e
  languageName: node
  linkType: hard

"@protobuf-ts/grpcweb-transport@npm:^2.11.1":
  version: 2.11.1
  resolution: "@protobuf-ts/grpcweb-transport@npm:2.11.1"
  dependencies:
    "@protobuf-ts/runtime": "npm:^2.11.1"
    "@protobuf-ts/runtime-rpc": "npm:^2.11.1"
  checksum: 10/ae5464d92cb373aa487f9d6d26d2096c8a1b9bb9f323c7984bf4bdb207579a55060b6a6147b4a17f3ccf0dccef39bd8e2323d3267118ad204bcfaad5ec3d54df
  languageName: node
  linkType: hard

"@protobuf-ts/runtime-rpc@npm:^2.11.1":
  version: 2.11.1
  resolution: "@protobuf-ts/runtime-rpc@npm:2.11.1"
  dependencies:
    "@protobuf-ts/runtime": "npm:^2.11.1"
  checksum: 10/32c9220a4898b8abca1628806075066292a3f2774965b7d1f39e9389c43a178d7b5023d9e67a0e024d0010790b0b7b6a4e73080e59a0e1701e2d5cee9572e6e2
  languageName: node
  linkType: hard

"@protobuf-ts/runtime@npm:^2.11.1":
  version: 2.11.1
  resolution: "@protobuf-ts/runtime@npm:2.11.1"
  checksum: 10/888b963a0b2b26c0b5f77d411b99bfc80068faa89e287efeede2e7686f1b0fea09fc5f0cf7e6be148728f2acf9c05ec7b5814f6633da6cdc810895677b2e68f5
  languageName: node
  linkType: hard

"@scure/base@npm:^1.2.6, @scure/base@npm:~1.2.5":
  version: 1.2.6
  resolution: "@scure/base@npm:1.2.6"
  checksum: 10/c1a7bd5e0b0c8f94c36fbc220f4a67cc832b00e2d2065c7d8a404ed81ab1c94c5443def6d361a70fc382db3496e9487fb9941728f0584782b274c18a4bed4187
  languageName: node
  linkType: hard

"@scure/bip32@npm:^1.7.0":
  version: 1.7.0
  resolution: "@scure/bip32@npm:1.7.0"
  dependencies:
    "@noble/curves": "npm:~1.9.0"
    "@noble/hashes": "npm:~1.8.0"
    "@scure/base": "npm:~1.2.5"
  checksum: 10/f90e0c23ab6a31a164856ae9cb9a8cae2886df608c74a6c0c4875095b017e30ffd92f28f73b8c52890d9a89fca86d19f6d60bb1ea7cad64c7987f92ae83509ad
  languageName: node
  linkType: hard

"@scure/bip39@npm:^1.6.0":
  version: 1.6.0
  resolution: "@scure/bip39@npm:1.6.0"
  dependencies:
    "@noble/hashes": "npm:~1.8.0"
    "@scure/base": "npm:~1.2.5"
  checksum: 10/63e60c40fa1bda2c1b50351546fee6d7b0947cc814aa7a4209dcedd3693b5053302c8fca28292f5f50735e11c613265359acdc019127393dbab17e53489fc449
  languageName: node
  linkType: hard

"@types/node@npm:^20.0.0":
  version: 20.19.25
  resolution: "@types/node@npm:20.19.25"
  dependencies:
    undici-types: "npm:~6.21.0"
  checksum: 10/f0ed863599da289df5838380e211f9e010414dc7df8127b79f6a7eeca80a8d6e3daf3e58ddad1884f8dfafd17c16b02f56cee1689b7ebdf5df6d0e5770165ac1
  languageName: node
  linkType: hard

"bech32@npm:^2.0.0":
  version: 2.0.0
  resolution: "bech32@npm:2.0.0"
  checksum: 10/fa15acb270b59aa496734a01f9155677b478987b773bf701f465858bf1606c6a970085babd43d71ce61895f1baa594cb41a2cd1394bd2c6698f03cc2d811300e
  languageName: node
  linkType: hard

"gql.tada@npm:^1.8.13":
  version: 1.9.0
  resolution: "gql.tada@npm:1.9.0"
  dependencies:
    "@0no-co/graphql.web": "npm:^1.0.5"
    "@0no-co/graphqlsp": "npm:^1.12.13"
    "@gql.tada/cli-utils": "npm:1.7.2"
    "@gql.tada/internal": "npm:1.0.8"
  peerDependencies:
    typescript: ^5.0.0
  bin:
    gql-tada: bin/cli.js
    gql.tada: bin/cli.js
  checksum: 10/d0a1494657798d67d91165491e17af80275bf2634173b0d2f1d1be56ddc9cf5b69bffa3be786a3c5c6b8bf4e964097c88457026ba0943bdfa2ebb1827a7cbfb7
  languageName: node
  linkType: hard

"graphql@npm:^15.5.0 || ^16.0.0 || ^17.0.0, graphql@npm:^16.11.0":
  version: 16.12.0
  resolution: "graphql@npm:16.12.0"
  checksum: 10/e299bc97cca178e549c8c1ed4cb164f631f07be987d3657f76cdf18c0250040cc0d456d4b6d41c87b855cac97b15a62ed345557527efcb0546492895a893bb87
  languageName: node
  linkType: hard

"poseidon-lite@npm:0.2.1":
  version: 0.2.1
  resolution: "poseidon-lite@npm:0.2.1"
  checksum: 10/bbc0db23c595b7480a883aca2ccd18b11b7b76e9bf1060af91aa2e3df7fcdb8d11d2b70fb7aa3db7ef28e8e54da161cda94c23334bcf4a205c6c613a4f383e68
  languageName: node
  linkType: hard

"typescript@npm:^5.0.0":
  version: 5.9.3
  resolution: "typescript@npm:5.9.3"
  bin:
    tsc: bin/tsc
    tsserver: bin/tsserver
  checksum: 10/c089d9d3da2729fd4ac517f9b0e0485914c4b3c26f80dc0cffcb5de1719a17951e92425d55db59515c1a7ddab65808466debb864d0d56dcf43f27007d0709594
  languageName: node
  linkType: hard

"typescript@patch:typescript@npm%3A^5.0.0#optional!builtin<compat/typescript>":
  version: 5.9.3
  resolution: "typescript@patch:typescript@npm%3A5.9.3#optional!builtin<compat/typescript>::version=5.9.3&hash=5786d5"
  bin:
    tsc: bin/tsc
    tsserver: bin/tsserver
  checksum: 10/696e1b017bc2635f4e0c94eb4435357701008e2f272f553d06e35b494b8ddc60aa221145e286c28ace0c89ee32827a28c2040e3a69bdc108b1a5dc8fb40b72e3
  languageName: node
  linkType: hard

"undici-types@npm:~6.21.0":
  version: 6.21.0
  resolution: "undici-types@npm:6.21.0"
  checksum: 10/ec8f41aa4359d50f9b59fa61fe3efce3477cc681908c8f84354d8567bb3701fafdddf36ef6bff307024d3feb42c837cf6f670314ba37fc8145e219560e473d14
  languageName: node
  linkType: hard

"valibot@npm:^0.36.0":
  version: 0.36.0
  resolution: "valibot@npm:0.36.0"
  checksum: 10/b8b48b4f003442cccffd9be2b758f9ee4a83c6c605fe70438ab1e8b3cb818fe068a50963953041a30bd1960fae22e979569120009f6ef84e60feba21b6e28c30
  languageName: node
  linkType: hard
